<?xml version="1.0" encoding="UTF-8"?>
<!DOCTYPE plist PUBLIC "-//Apple//DTD PLIST 1.0//EN" "http://www.apple.com/DTDs/PropertyList-1.0.dtd">
<plist version="1.0">
<dict>
	<key>archiveVersion</key>
	<string>1</string>
	<key>classes</key>
	<dict/>
	<key>objectVersion</key>
	<string>46</string>
	<key>objects</key>
	<dict>
		<key>152AD5BFA5944471BA784718</key>
		<dict>
			<key>buildActionMask</key>
			<string>2147483647</string>
			<key>files</key>
			<array/>
			<key>inputPaths</key>
			<array/>
			<key>isa</key>
			<string>PBXShellScriptBuildPhase</string>
			<key>name</key>
			<string>Check Pods Manifest.lock</string>
			<key>outputPaths</key>
			<array/>
			<key>runOnlyForDeploymentPostprocessing</key>
			<string>0</string>
			<key>shellPath</key>
			<string>/bin/sh</string>
			<key>shellScript</key>
			<string>diff "${PODS_ROOT}/../Podfile.lock" "${PODS_ROOT}/Manifest.lock" &gt; /dev/null
if [[ $? != 0 ]] ; then
    cat &lt;&lt; EOM
error: The sandbox is not in sync with the Podfile.lock. Run 'pod install' or update your CocoaPods installation.
EOM
    exit 1
fi
</string>
			<key>showEnvVarsInLog</key>
			<string>0</string>
		</dict>
		<key>2705D4B018BD1A1B002C83D8</key>
		<dict>
			<key>isa</key>
			<string>PBXFileReference</string>
			<key>lastKnownFileType</key>
			<string>image.png</string>
			<key>path</key>
			<string>settingsButton.png</string>
			<key>sourceTree</key>
			<string>SOURCE_ROOT</string>
		</dict>
		<key>2705D4B118BD1A1C002C83D8</key>
		<dict>
			<key>isa</key>
			<string>PBXFileReference</string>
			<key>lastKnownFileType</key>
			<string>image.png</string>
			<key>path</key>
			<string>settingsButton@2x.png</string>
			<key>sourceTree</key>
			<string>SOURCE_ROOT</string>
		</dict>
		<key>2705D4B218BD1A1C002C83D8</key>
		<dict>
			<key>fileRef</key>
			<string>2705D4B018BD1A1B002C83D8</string>
			<key>isa</key>
			<string>PBXBuildFile</string>
		</dict>
		<key>2705D4B318BD1A1C002C83D8</key>
		<dict>
			<key>fileRef</key>
			<string>2705D4B118BD1A1C002C83D8</string>
			<key>isa</key>
			<string>PBXBuildFile</string>
		</dict>
		<key>270893FF1821C269006E23BA</key>
		<dict>
			<key>children</key>
			<array>
				<string>278A5440182B4D2500A632DE</string>
				<string>278A543F182B4D0000A632DE</string>
			</array>
			<key>isa</key>
			<string>PBXGroup</string>
			<key>name</key>
			<string>Images</string>
			<key>sourceTree</key>
			<string>&lt;group&gt;</string>
		</dict>
		<key>270894001821C297006E23BA</key>
		<dict>
			<key>isa</key>
			<string>PBXFileReference</string>
			<key>lastKnownFileType</key>
			<string>image.png</string>
			<key>name</key>
			<string>AppIcon29x29.png</string>
			<key>path</key>
			<string>DeskClockIcons/AppIcon29x29.png</string>
			<key>sourceTree</key>
			<string>&lt;group&gt;</string>
		</dict>
		<key>270894011821C297006E23BA</key>
		<dict>
			<key>isa</key>
			<string>PBXFileReference</string>
			<key>lastKnownFileType</key>
			<string>image.png</string>
			<key>name</key>
			<string>AppIcon29x29@2x.png</string>
			<key>path</key>
			<string>DeskClockIcons/AppIcon29x29@2x.png</string>
			<key>sourceTree</key>
			<string>&lt;group&gt;</string>
		</dict>
		<key>270894021821C297006E23BA</key>
		<dict>
			<key>isa</key>
			<string>PBXFileReference</string>
			<key>lastKnownFileType</key>
			<string>image.png</string>
			<key>name</key>
			<string>AppIcon40x40.png</string>
			<key>path</key>
			<string>DeskClockIcons/AppIcon40x40.png</string>
			<key>sourceTree</key>
			<string>&lt;group&gt;</string>
		</dict>
		<key>270894031821C297006E23BA</key>
		<dict>
			<key>isa</key>
			<string>PBXFileReference</string>
			<key>lastKnownFileType</key>
			<string>image.png</string>
			<key>name</key>
			<string>AppIcon40x40@2x.png</string>
			<key>path</key>
			<string>DeskClockIcons/AppIcon40x40@2x.png</string>
			<key>sourceTree</key>
			<string>&lt;group&gt;</string>
		</dict>
		<key>270894041821C297006E23BA</key>
		<dict>
			<key>isa</key>
			<string>PBXFileReference</string>
			<key>lastKnownFileType</key>
			<string>image.png</string>
			<key>name</key>
			<string>AppIcon60x60.png</string>
			<key>path</key>
			<string>DeskClockIcons/AppIcon60x60.png</string>
			<key>sourceTree</key>
			<string>&lt;group&gt;</string>
		</dict>
		<key>270894051821C297006E23BA</key>
		<dict>
			<key>isa</key>
			<string>PBXFileReference</string>
			<key>lastKnownFileType</key>
			<string>image.png</string>
			<key>name</key>
			<string>AppIcon60x60@2x.png</string>
			<key>path</key>
			<string>DeskClockIcons/AppIcon60x60@2x.png</string>
			<key>sourceTree</key>
			<string>&lt;group&gt;</string>
		</dict>
		<key>270894061821C297006E23BA</key>
		<dict>
			<key>isa</key>
			<string>PBXFileReference</string>
			<key>lastKnownFileType</key>
			<string>image.png</string>
			<key>name</key>
			<string>AppIcon76x76.png</string>
			<key>path</key>
			<string>DeskClockIcons/AppIcon76x76.png</string>
			<key>sourceTree</key>
			<string>&lt;group&gt;</string>
		</dict>
		<key>270894071821C297006E23BA</key>
		<dict>
			<key>isa</key>
			<string>PBXFileReference</string>
			<key>lastKnownFileType</key>
			<string>image.png</string>
			<key>name</key>
			<string>AppIcon76x76@2x.png</string>
			<key>path</key>
			<string>DeskClockIcons/AppIcon76x76@2x.png</string>
			<key>sourceTree</key>
			<string>&lt;group&gt;</string>
		</dict>
		<key>270894081821C297006E23BA</key>
		<dict>
			<key>isa</key>
			<string>PBXFileReference</string>
			<key>lastKnownFileType</key>
			<string>image.png</string>
			<key>name</key>
			<string>iTunesArtwork.png</string>
			<key>path</key>
			<string>DeskClockIcons/iTunesArtwork.png</string>
			<key>sourceTree</key>
			<string>&lt;group&gt;</string>
		</dict>
		<key>270894091821C297006E23BA</key>
		<dict>
			<key>isa</key>
			<string>PBXFileReference</string>
			<key>lastKnownFileType</key>
			<string>image.png</string>
			<key>name</key>
			<string>iTunesArtwork@2x.png</string>
			<key>path</key>
			<string>DeskClockIcons/iTunesArtwork@2x.png</string>
			<key>sourceTree</key>
			<string>&lt;group&gt;</string>
		</dict>
		<key>2708940A1821C297006E23BA</key>
		<dict>
			<key>fileRef</key>
			<string>270894001821C297006E23BA</string>
			<key>isa</key>
			<string>PBXBuildFile</string>
		</dict>
		<key>2708940B1821C297006E23BA</key>
		<dict>
			<key>fileRef</key>
			<string>270894011821C297006E23BA</string>
			<key>isa</key>
			<string>PBXBuildFile</string>
		</dict>
		<key>2708940C1821C297006E23BA</key>
		<dict>
			<key>fileRef</key>
			<string>270894021821C297006E23BA</string>
			<key>isa</key>
			<string>PBXBuildFile</string>
		</dict>
		<key>2708940D1821C297006E23BA</key>
		<dict>
			<key>fileRef</key>
			<string>270894031821C297006E23BA</string>
			<key>isa</key>
			<string>PBXBuildFile</string>
		</dict>
		<key>2708940E1821C297006E23BA</key>
		<dict>
			<key>fileRef</key>
			<string>270894041821C297006E23BA</string>
			<key>isa</key>
			<string>PBXBuildFile</string>
		</dict>
		<key>2708940F1821C297006E23BA</key>
		<dict>
			<key>fileRef</key>
			<string>270894051821C297006E23BA</string>
			<key>isa</key>
			<string>PBXBuildFile</string>
		</dict>
		<key>270894101821C297006E23BA</key>
		<dict>
			<key>fileRef</key>
			<string>270894061821C297006E23BA</string>
			<key>isa</key>
			<string>PBXBuildFile</string>
		</dict>
		<key>270894111821C297006E23BA</key>
		<dict>
			<key>fileRef</key>
			<string>270894071821C297006E23BA</string>
			<key>isa</key>
			<string>PBXBuildFile</string>
		</dict>
		<key>270894121821C297006E23BA</key>
		<dict>
			<key>fileRef</key>
			<string>270894081821C297006E23BA</string>
			<key>isa</key>
			<string>PBXBuildFile</string>
		</dict>
		<key>270894131821C297006E23BA</key>
		<dict>
			<key>fileRef</key>
			<string>270894091821C297006E23BA</string>
			<key>isa</key>
			<string>PBXBuildFile</string>
		</dict>
		<key>271C36A318A9E11400FA8B53</key>
		<dict>
			<key>fileRef</key>
			<string>278A542F182B107100A632DE</string>
			<key>isa</key>
			<string>PBXBuildFile</string>
		</dict>
		<key>271C36A418A9E1BE00FA8B53</key>
		<dict>
			<key>isa</key>
			<string>PBXFileReference</string>
			<key>lastKnownFileType</key>
			<string>wrapper.framework</string>
			<key>path</key>
			<string>Crashlytics.framework</string>
			<key>sourceTree</key>
			<string>&lt;group&gt;</string>
		</dict>
		<key>271C36A518A9E1BE00FA8B53</key>
		<dict>
			<key>fileRef</key>
			<string>271C36A418A9E1BE00FA8B53</string>
			<key>isa</key>
			<string>PBXBuildFile</string>
		</dict>
		<key>27208B12182145CC0025FEBD</key>
		<dict>
			<key>fileEncoding</key>
			<string>4</string>
			<key>isa</key>
			<string>PBXFileReference</string>
			<key>lastKnownFileType</key>
			<string>sourcecode.c.h</string>
			<key>path</key>
			<string>ACTutorialViewController.h</string>
			<key>sourceTree</key>
			<string>&lt;group&gt;</string>
		</dict>
		<key>27208B13182145CC0025FEBD</key>
		<dict>
			<key>fileEncoding</key>
			<string>4</string>
			<key>isa</key>
			<string>PBXFileReference</string>
			<key>lastKnownFileType</key>
			<string>sourcecode.c.objc</string>
			<key>path</key>
			<string>ACTutorialViewController.m</string>
			<key>sourceTree</key>
			<string>&lt;group&gt;</string>
		</dict>
		<key>27208B14182145CC0025FEBD</key>
		<dict>
			<key>fileEncoding</key>
			<string>4</string>
			<key>isa</key>
			<string>PBXFileReference</string>
			<key>lastKnownFileType</key>
			<string>file.xib</string>
			<key>path</key>
			<string>ACTutorialViewController.xib</string>
			<key>sourceTree</key>
			<string>&lt;group&gt;</string>
		</dict>
		<key>27208B15182145CC0025FEBD</key>
		<dict>
			<key>fileRef</key>
			<string>27208B13182145CC0025FEBD</string>
			<key>isa</key>
			<string>PBXBuildFile</string>
		</dict>
		<key>27208B16182145CC0025FEBD</key>
		<dict>
			<key>fileRef</key>
			<string>27208B14182145CC0025FEBD</string>
			<key>isa</key>
			<string>PBXBuildFile</string>
		</dict>
		<key>27208B17182146F10025FEBD</key>
		<dict>
			<key>children</key>
			<array>
				<string>27D5CCEA18711EC600061B47</string>
				<string>278A5438182B385900A632DE</string>
				<string>278A5437182B385400A632DE</string>
			</array>
			<key>isa</key>
			<string>PBXGroup</string>
			<key>name</key>
			<string>Tutorial</string>
			<key>sourceTree</key>
			<string>&lt;group&gt;</string>
		</dict>
		<key>27291F0A1823E8B200CB2070</key>
		<dict>
			<key>fileEncoding</key>
			<string>4</string>
			<key>isa</key>
			<string>PBXFileReference</string>
			<key>lastKnownFileType</key>
			<string>file.storyboard</string>
			<key>path</key>
			<string>Main~ipad.storyboard</string>
			<key>sourceTree</key>
			<string>&lt;group&gt;</string>
		</dict>
		<key>27291F0B1823E8B200CB2070</key>
		<dict>
			<key>fileRef</key>
			<string>27291F0A1823E8B200CB2070</string>
			<key>isa</key>
			<string>PBXBuildFile</string>
		</dict>
		<key>27291F0C1823EF2B00CB2070</key>
		<dict>
			<key>children</key>
			<array>
				<string>2785DAF418D0E47200B8D39B</string>
				<string>2785DAF518D0E48A00B8D39B</string>
				<string>27EF34A418D3D2EA00B7D79C</string>
				<string>27B4861A18D50971004CA2DD</string>
				<string>27EF34A318D3D2DE00B7D79C</string>
				<string>2785DAF618D0E49D00B8D39B</string>
				<string>277AFEF7181EA5B80009AE0F</string>
			</array>
			<key>isa</key>
			<string>PBXGroup</string>
			<key>name</key>
			<string>iPhone</string>
			<key>sourceTree</key>
			<string>&lt;group&gt;</string>
		</dict>
		<key>27291F0D1823EF3500CB2070</key>
		<dict>
			<key>children</key>
			<array>
				<string>27291F0A1823E8B200CB2070</string>
				<string>27291F0E1823EF6100CB2070</string>
				<string>27291F0F1823EF6100CB2070</string>
				<string>27291F111823EF8100CB2070</string>
				<string>27291F121823EF8100CB2070</string>
			</array>
			<key>isa</key>
			<string>PBXGroup</string>
			<key>name</key>
			<string>iPad</string>
			<key>sourceTree</key>
			<string>&lt;group&gt;</string>
		</dict>
		<key>27291F0E1823EF6100CB2070</key>
		<dict>
			<key>fileEncoding</key>
			<string>4</string>
			<key>isa</key>
			<string>PBXFileReference</string>
			<key>lastKnownFileType</key>
			<string>sourcecode.c.h</string>
			<key>path</key>
			<string>ACViewController~ipad.h</string>
			<key>sourceTree</key>
			<string>&lt;group&gt;</string>
		</dict>
		<key>27291F0F1823EF6100CB2070</key>
		<dict>
			<key>fileEncoding</key>
			<string>4</string>
			<key>isa</key>
			<string>PBXFileReference</string>
			<key>lastKnownFileType</key>
			<string>sourcecode.c.objc</string>
			<key>path</key>
			<string>ACViewController~ipad.m</string>
			<key>sourceTree</key>
			<string>&lt;group&gt;</string>
		</dict>
		<key>27291F101823EF6100CB2070</key>
		<dict>
			<key>fileRef</key>
			<string>27291F0F1823EF6100CB2070</string>
			<key>isa</key>
			<string>PBXBuildFile</string>
		</dict>
		<key>27291F111823EF8100CB2070</key>
		<dict>
			<key>fileEncoding</key>
			<string>4</string>
			<key>isa</key>
			<string>PBXFileReference</string>
			<key>lastKnownFileType</key>
			<string>sourcecode.c.h</string>
			<key>path</key>
			<string>ACInfoViewController~ipad.h</string>
			<key>sourceTree</key>
			<string>&lt;group&gt;</string>
		</dict>
		<key>27291F121823EF8100CB2070</key>
		<dict>
			<key>fileEncoding</key>
			<string>4</string>
			<key>isa</key>
			<string>PBXFileReference</string>
			<key>lastKnownFileType</key>
			<string>sourcecode.c.objc</string>
			<key>path</key>
			<string>ACInfoViewController~ipad.m</string>
			<key>sourceTree</key>
			<string>&lt;group&gt;</string>
		</dict>
		<key>27291F131823EF8100CB2070</key>
		<dict>
			<key>fileRef</key>
			<string>27291F121823EF8100CB2070</string>
			<key>isa</key>
			<string>PBXBuildFile</string>
		</dict>
		<key>2729A88218B7205500182ED1</key>
		<dict>
			<key>isa</key>
			<string>PBXFileReference</string>
			<key>lastKnownFileType</key>
			<string>sourcecode.c.h</string>
			<key>path</key>
			<string>Definitions.h</string>
			<key>sourceTree</key>
			<string>&lt;group&gt;</string>
		</dict>
		<key>274B70C1182AC23900266466</key>
		<dict>
			<key>fileEncoding</key>
			<string>4</string>
			<key>isa</key>
			<string>PBXFileReference</string>
			<key>lastKnownFileType</key>
			<string>text.plist.xml</string>
			<key>path</key>
			<string>BetaSettings.plist</string>
			<key>sourceTree</key>
			<string>&lt;group&gt;</string>
		</dict>
		<key>274B70C2182AC23900266466</key>
		<dict>
			<key>fileRef</key>
			<string>274B70C1182AC23900266466</string>
			<key>isa</key>
			<string>PBXBuildFile</string>
		</dict>
		<key>27642FEF1827FB92007D66CE</key>
		<dict>
			<key>fileEncoding</key>
			<string>4</string>
			<key>isa</key>
			<string>PBXFileReference</string>
			<key>lastKnownFileType</key>
			<string>sourcecode.c.h</string>
			<key>path</key>
			<string>ACLaurenViewController.h</string>
			<key>sourceTree</key>
			<string>&lt;group&gt;</string>
		</dict>
		<key>27642FF01827FB92007D66CE</key>
		<dict>
			<key>fileEncoding</key>
			<string>4</string>
			<key>isa</key>
			<string>PBXFileReference</string>
			<key>lastKnownFileType</key>
			<string>sourcecode.c.objc</string>
			<key>path</key>
			<string>ACLaurenViewController.m</string>
			<key>sourceTree</key>
			<string>&lt;group&gt;</string>
		</dict>
		<key>27642FF11827FB92007D66CE</key>
		<dict>
			<key>fileRef</key>
			<string>27642FF01827FB92007D66CE</string>
			<key>isa</key>
			<string>PBXBuildFile</string>
		</dict>
		<key>27642FF21827FB9E007D66CE</key>
		<dict>
			<key>children</key>
			<array>
				<string>27642FEF1827FB92007D66CE</string>
				<string>27642FF01827FB92007D66CE</string>
			</array>
			<key>isa</key>
			<string>PBXGroup</string>
			<key>name</key>
			<string>Lauren (Secret)</string>
			<key>sourceTree</key>
			<string>&lt;group&gt;</string>
		</dict>
		<key>2767D54B182C3C020012586B</key>
		<dict>
			<key>isa</key>
			<string>PBXFileReference</string>
			<key>lastKnownFileType</key>
			<string>wrapper.framework</string>
			<key>name</key>
			<string>MessageUI.framework</string>
			<key>path</key>
			<string>System/Library/Frameworks/MessageUI.framework</string>
			<key>sourceTree</key>
			<string>SDKROOT</string>
		</dict>
		<key>2767D54C182C3C020012586B</key>
		<dict>
			<key>fileRef</key>
			<string>2767D54B182C3C020012586B</string>
			<key>isa</key>
			<string>PBXBuildFile</string>
		</dict>
		<key>276901B41820C4D1006B915D</key>
		<dict>
			<key>isa</key>
			<string>PBXFileReference</string>
			<key>lastKnownFileType</key>
			<string>file</string>
			<key>path</key>
			<string>Digital-7MonoItalic.otf</string>
			<key>sourceTree</key>
			<string>&lt;group&gt;</string>
		</dict>
		<key>276901B51820C4F9006B915D</key>
		<dict>
			<key>fileRef</key>
			<string>276901B41820C4D1006B915D</string>
			<key>isa</key>
			<string>PBXBuildFile</string>
		</dict>
		<key>276B615518822DE100A8709E</key>
		<dict>
			<key>isa</key>
			<string>PBXFileReference</string>
			<key>lastKnownFileType</key>
			<string>wrapper.framework</string>
			<key>name</key>
			<string>CoreLocation.framework</string>
			<key>path</key>
			<string>System/Library/Frameworks/CoreLocation.framework</string>
			<key>sourceTree</key>
			<string>SDKROOT</string>
		</dict>
		<key>276B615618822DE100A8709E</key>
		<dict>
			<key>fileRef</key>
			<string>276B615518822DE100A8709E</string>
			<key>isa</key>
			<string>PBXBuildFile</string>
		</dict>
		<key>277AFED9181EA5B80009AE0F</key>
		<dict>
			<key>children</key>
			<array>
				<string>277AFEEB181EA5B80009AE0F</string>
				<string>277AFF0A181EA5B80009AE0F</string>
				<string>277AFEE4181EA5B80009AE0F</string>
				<string>277AFEE3181EA5B80009AE0F</string>
				<string>9BF5BECAF8E149C1A7C66531</string>
			</array>
			<key>isa</key>
			<string>PBXGroup</string>
			<key>sourceTree</key>
			<string>&lt;group&gt;</string>
		</dict>
		<key>277AFEDA181EA5B80009AE0F</key>
		<dict>
			<key>attributes</key>
			<dict>
				<key>CLASSPREFIX</key>
				<string>AC</string>
				<key>LastUpgradeCheck</key>
				<string>0510</string>
				<key>ORGANIZATIONNAME</key>
				<string>Kyle Frost</string>
				<key>TargetAttributes</key>
				<dict>
					<key>277AFEE1181EA5B80009AE0F</key>
					<dict>
						<key>DevelopmentTeam</key>
						<string>34UZ7Y2KSW</string>
						<key>SystemCapabilities</key>
						<dict>
							<key>com.apple.BackgroundModes</key>
							<dict>
								<key>enabled</key>
								<string>0</string>
							</dict>
							<key>com.apple.iCloud</key>
							<dict>
								<key>enabled</key>
								<string>1</string>
							</dict>
						</dict>
					</dict>
					<key>277AFF02181EA5B80009AE0F</key>
					<dict>
						<key>TestTargetID</key>
						<string>277AFEE1181EA5B80009AE0F</string>
					</dict>
				</dict>
			</dict>
			<key>buildConfigurationList</key>
			<string>277AFEDD181EA5B80009AE0F</string>
			<key>compatibilityVersion</key>
			<string>Xcode 3.2</string>
			<key>developmentRegion</key>
			<string>English</string>
			<key>hasScannedForEncodings</key>
			<string>0</string>
			<key>isa</key>
			<string>PBXProject</string>
			<key>knownRegions</key>
			<array>
				<string>en</string>
				<string>Base</string>
			</array>
			<key>mainGroup</key>
			<string>277AFED9181EA5B80009AE0F</string>
			<key>productRefGroup</key>
			<string>277AFEE3181EA5B80009AE0F</string>
			<key>projectDirPath</key>
			<string></string>
			<key>projectReferences</key>
			<array/>
			<key>projectRoot</key>
			<string></string>
			<key>targets</key>
			<array>
				<string>277AFEE1181EA5B80009AE0F</string>
				<string>277AFF02181EA5B80009AE0F</string>
			</array>
		</dict>
		<key>277AFEDD181EA5B80009AE0F</key>
		<dict>
			<key>buildConfigurations</key>
			<array>
				<string>277AFF12181EA5B80009AE0F</string>
				<string>277AFF13181EA5B80009AE0F</string>
			</array>
			<key>defaultConfigurationIsVisible</key>
			<string>0</string>
			<key>defaultConfigurationName</key>
			<string>Release</string>
			<key>isa</key>
			<string>XCConfigurationList</string>
		</dict>
		<key>277AFEDE181EA5B80009AE0F</key>
		<dict>
			<key>buildActionMask</key>
			<string>2147483647</string>
			<key>files</key>
			<array>
				<string>277AFF22181EBE510009AE0F</string>
				<string>27E01BF21829AAC500DB1132</string>
				<string>27EF34A718D3D3F300B7D79C</string>
				<string>27EF34AD18D3D4DF00B7D79C</string>
				<string>27EF34B018D3D53300B7D79C</string>
				<string>27291F131823EF8100CB2070</string>
				<string>277AFEF6181EA5B80009AE0F</string>
				<string>277AFEFC181EA5B80009AE0F</string>
				<string>27A8D1FE18DBD8F8003FBA55</string>
				<string>27B4861D18D509DF004CA2DD</string>
				<string>279709A918D419D000B03572</string>
				<string>27D5CCEF18711EFC00061B47</string>
				<string>27D7FF98182ABB3300A14824</string>
				<string>27EF34AA18D3D4A200B7D79C</string>
				<string>27208B15182145CC0025FEBD</string>
				<string>27D7FF93182ABAF800A14824</string>
				<string>2785DAFC18D0E53E00B8D39B</string>
				<string>27A8D1FB18DBD8C8003FBA55</string>
				<string>27642FF11827FB92007D66CE</string>
				<string>277AFEF2181EA5B80009AE0F</string>
				<string>27D5CCF218711F1600061B47</string>
				<string>27291F101823EF6100CB2070</string>
			</array>
			<key>isa</key>
			<string>PBXSourcesBuildPhase</string>
			<key>runOnlyForDeploymentPostprocessing</key>
			<string>0</string>
		</dict>
		<key>277AFEDF181EA5B80009AE0F</key>
		<dict>
			<key>buildActionMask</key>
			<string>2147483647</string>
			<key>files</key>
			<array>
				<string>27B4861618D4EE91004CA2DD</string>
				<string>279709AF18D425A300B03572</string>
				<string>279709AB18D420D300B03572</string>
				<string>276B615618822DE100A8709E</string>
				<string>271C36A518A9E1BE00FA8B53</string>
				<string>2767D54C182C3C020012586B</string>
				<string>278A543E182B40F900A632DE</string>
				<string>278A5436182B10C800A632DE</string>
				<string>271C36A318A9E11400FA8B53</string>
				<string>277AFEE8181EA5B80009AE0F</string>
				<string>277AFEEA181EA5B80009AE0F</string>
				<string>277AFEE6181EA5B80009AE0F</string>
				<string>AB6CC89BCE644DC0AACB5133</string>
			</array>
			<key>isa</key>
			<string>PBXFrameworksBuildPhase</string>
			<key>runOnlyForDeploymentPostprocessing</key>
			<string>0</string>
		</dict>
		<key>277AFEE0181EA5B80009AE0F</key>
		<dict>
			<key>buildActionMask</key>
			<string>2147483647</string>
			<key>files</key>
			<array>
				<string>2708940B1821C297006E23BA</string>
				<string>2708940C1821C297006E23BA</string>
				<string>2705D4B318BD1A1C002C83D8</string>
				<string>276901B51820C4F9006B915D</string>
				<string>27B4862118D554EF004CA2DD</string>
				<string>270894131821C297006E23BA</string>
				<string>270894121821C297006E23BA</string>
				<string>270894101821C297006E23BA</string>
				<string>277AFEFE181EA5B80009AE0F</string>
				<string>27208B16182145CC0025FEBD</string>
				<string>278A5448182B4D6C00A632DE</string>
				<string>278A5447182B4D6C00A632DE</string>
				<string>27DA48D9183DBF1E00E42540</string>
				<string>279709AD18D4247800B03572</string>
				<string>277AFEF0181EA5B80009AE0F</string>
				<string>2708940D1821C297006E23BA</string>
				<string>27291F0B1823E8B200CB2070</string>
				<string>2708940A1821C297006E23BA</string>
				<string>278A544A182B56CB00A632DE</string>
				<string>277AFEF9181EA5B80009AE0F</string>
				<string>2708940F1821C297006E23BA</string>
				<string>27B4862018D554EF004CA2DD</string>
				<string>2705D4B218BD1A1C002C83D8</string>
				<string>270894111821C297006E23BA</string>
				<string>2708940E1821C297006E23BA</string>
				<string>274B70C2182AC23900266466</string>
			</array>
			<key>isa</key>
			<string>PBXResourcesBuildPhase</string>
			<key>runOnlyForDeploymentPostprocessing</key>
			<string>0</string>
		</dict>
		<key>277AFEE1181EA5B80009AE0F</key>
		<dict>
			<key>buildConfigurationList</key>
			<string>277AFF14181EA5B80009AE0F</string>
			<key>buildPhases</key>
			<array>
				<string>152AD5BFA5944471BA784718</string>
				<string>277AFEDE181EA5B80009AE0F</string>
				<string>277AFEDF181EA5B80009AE0F</string>
				<string>277AFEE0181EA5B80009AE0F</string>
				<string>27D7FF8D182AB8A200A14824</string>
				<string>92EC8F42B8554AC3BB35B2F3</string>
			</array>
			<key>buildRules</key>
			<array/>
			<key>dependencies</key>
			<array/>
			<key>isa</key>
			<string>PBXNativeTarget</string>
			<key>name</key>
			<string>AlarmClock</string>
			<key>productName</key>
			<string>AlarmClock</string>
			<key>productReference</key>
			<string>277AFEE2181EA5B80009AE0F</string>
			<key>productType</key>
			<string>com.apple.product-type.application</string>
		</dict>
		<key>277AFEE2181EA5B80009AE0F</key>
		<dict>
			<key>explicitFileType</key>
			<string>wrapper.application</string>
			<key>includeInIndex</key>
			<string>0</string>
			<key>isa</key>
			<string>PBXFileReference</string>
			<key>path</key>
			<string>AlarmClock.app</string>
			<key>sourceTree</key>
			<string>BUILT_PRODUCTS_DIR</string>
		</dict>
		<key>277AFEE3181EA5B80009AE0F</key>
		<dict>
			<key>children</key>
			<array>
				<string>277AFEE2181EA5B80009AE0F</string>
				<string>277AFF03181EA5B80009AE0F</string>
			</array>
			<key>isa</key>
			<string>PBXGroup</string>
			<key>name</key>
			<string>Products</string>
			<key>sourceTree</key>
			<string>&lt;group&gt;</string>
		</dict>
		<key>277AFEE4181EA5B80009AE0F</key>
		<dict>
			<key>children</key>
			<array>
				<string>27B4861518D4EE91004CA2DD</string>
				<string>279709AE18D425A300B03572</string>
				<string>279709AA18D420D300B03572</string>
				<string>271C36A418A9E1BE00FA8B53</string>
				<string>276B615518822DE100A8709E</string>
				<string>2767D54B182C3C020012586B</string>
				<string>278A543D182B40F900A632DE</string>
				<string>278A5435182B10C800A632DE</string>
				<string>277AFEE5181EA5B80009AE0F</string>
				<string>277AFEE7181EA5B80009AE0F</string>
				<string>277AFEE9181EA5B80009AE0F</string>
				<string>277AFF04181EA5B80009AE0F</string>
				<string>9C71414EA618468AA018A9AB</string>
			</array>
			<key>isa</key>
			<string>PBXGroup</string>
			<key>name</key>
			<string>Frameworks</string>
			<key>sourceTree</key>
			<string>&lt;group&gt;</string>
		</dict>
		<key>277AFEE5181EA5B80009AE0F</key>
		<dict>
			<key>isa</key>
			<string>PBXFileReference</string>
			<key>lastKnownFileType</key>
			<string>wrapper.framework</string>
			<key>name</key>
			<string>Foundation.framework</string>
			<key>path</key>
			<string>System/Library/Frameworks/Foundation.framework</string>
			<key>sourceTree</key>
			<string>SDKROOT</string>
		</dict>
		<key>277AFEE6181EA5B80009AE0F</key>
		<dict>
			<key>fileRef</key>
			<string>277AFEE5181EA5B80009AE0F</string>
			<key>isa</key>
			<string>PBXBuildFile</string>
		</dict>
		<key>277AFEE7181EA5B80009AE0F</key>
		<dict>
			<key>isa</key>
			<string>PBXFileReference</string>
			<key>lastKnownFileType</key>
			<string>wrapper.framework</string>
			<key>name</key>
			<string>CoreGraphics.framework</string>
			<key>path</key>
			<string>System/Library/Frameworks/CoreGraphics.framework</string>
			<key>sourceTree</key>
			<string>SDKROOT</string>
		</dict>
		<key>277AFEE8181EA5B80009AE0F</key>
		<dict>
			<key>fileRef</key>
			<string>277AFEE7181EA5B80009AE0F</string>
			<key>isa</key>
			<string>PBXBuildFile</string>
		</dict>
		<key>277AFEE9181EA5B80009AE0F</key>
		<dict>
			<key>isa</key>
			<string>PBXFileReference</string>
			<key>lastKnownFileType</key>
			<string>wrapper.framework</string>
			<key>name</key>
			<string>UIKit.framework</string>
			<key>path</key>
			<string>System/Library/Frameworks/UIKit.framework</string>
			<key>sourceTree</key>
			<string>SDKROOT</string>
		</dict>
		<key>277AFEEA181EA5B80009AE0F</key>
		<dict>
			<key>fileRef</key>
			<string>277AFEE9181EA5B80009AE0F</string>
			<key>isa</key>
			<string>PBXBuildFile</string>
		</dict>
		<key>277AFEEB181EA5B80009AE0F</key>
		<dict>
			<key>children</key>
			<array>
				<string>277AFEF4181EA5B80009AE0F</string>
				<string>277AFEF5181EA5B80009AE0F</string>
				<string>27291F0D1823EF3500CB2070</string>
				<string>27291F0C1823EF2B00CB2070</string>
				<string>27D7FF90182ABAD900A14824</string>
				<string>27208B17182146F10025FEBD</string>
				<string>277AFEEC181EA5B80009AE0F</string>
			</array>
			<key>isa</key>
			<string>PBXGroup</string>
			<key>path</key>
			<string>AlarmClock</string>
			<key>sourceTree</key>
			<string>&lt;group&gt;</string>
		</dict>
		<key>277AFEEC181EA5B80009AE0F</key>
		<dict>
			<key>children</key>
			<array>
				<string>279709AC18D4247800B03572</string>
				<string>2705D4B018BD1A1B002C83D8</string>
				<string>2705D4B118BD1A1C002C83D8</string>
				<string>27B4861E18D554EF004CA2DD</string>
				<string>27B4861F18D554EF004CA2DD</string>
				<string>278A5434182B107700A632DE</string>
				<string>27E01BF31829AACC00DB1132</string>
				<string>27642FF21827FB9E007D66CE</string>
				<string>270893FF1821C269006E23BA</string>
				<string>277AFEFD181EA5B80009AE0F</string>
				<string>2729A88218B7205500182ED1</string>
				<string>276901B41820C4D1006B915D</string>
				<string>277AFEED181EA5B80009AE0F</string>
				<string>277AFEEE181EA5B80009AE0F</string>
				<string>277AFEF1181EA5B80009AE0F</string>
				<string>277AFEF3181EA5B80009AE0F</string>
				<string>274B70C1182AC23900266466</string>
				<string>278A5449182B56CB00A632DE</string>
				<string>27DA48D8183DBF1E00E42540</string>
			</array>
			<key>isa</key>
			<string>PBXGroup</string>
			<key>name</key>
			<string>Supporting Files</string>
			<key>sourceTree</key>
			<string>&lt;group&gt;</string>
		</dict>
		<key>277AFEED181EA5B80009AE0F</key>
		<dict>
			<key>isa</key>
			<string>PBXFileReference</string>
			<key>lastKnownFileType</key>
			<string>text.plist.xml</string>
			<key>path</key>
			<string>AlarmClock-Info.plist</string>
			<key>sourceTree</key>
			<string>&lt;group&gt;</string>
		</dict>
		<key>277AFEEE181EA5B80009AE0F</key>
		<dict>
			<key>children</key>
			<array>
				<string>277AFEEF181EA5B80009AE0F</string>
			</array>
			<key>isa</key>
			<string>PBXVariantGroup</string>
			<key>name</key>
			<string>InfoPlist.strings</string>
			<key>sourceTree</key>
			<string>&lt;group&gt;</string>
		</dict>
		<key>277AFEEF181EA5B80009AE0F</key>
		<dict>
			<key>isa</key>
			<string>PBXFileReference</string>
			<key>lastKnownFileType</key>
			<string>text.plist.strings</string>
			<key>name</key>
			<string>en</string>
			<key>path</key>
			<string>en.lproj/InfoPlist.strings</string>
			<key>sourceTree</key>
			<string>&lt;group&gt;</string>
		</dict>
		<key>277AFEF0181EA5B80009AE0F</key>
		<dict>
			<key>fileRef</key>
			<string>277AFEEE181EA5B80009AE0F</string>
			<key>isa</key>
			<string>PBXBuildFile</string>
		</dict>
		<key>277AFEF1181EA5B80009AE0F</key>
		<dict>
			<key>isa</key>
			<string>PBXFileReference</string>
			<key>lastKnownFileType</key>
			<string>sourcecode.c.objc</string>
			<key>path</key>
			<string>main.m</string>
			<key>sourceTree</key>
			<string>&lt;group&gt;</string>
		</dict>
		<key>277AFEF2181EA5B80009AE0F</key>
		<dict>
			<key>fileRef</key>
			<string>277AFEF1181EA5B80009AE0F</string>
			<key>isa</key>
			<string>PBXBuildFile</string>
		</dict>
		<key>277AFEF3181EA5B80009AE0F</key>
		<dict>
			<key>isa</key>
			<string>PBXFileReference</string>
			<key>lastKnownFileType</key>
			<string>sourcecode.c.h</string>
			<key>path</key>
			<string>AlarmClock-Prefix.pch</string>
			<key>sourceTree</key>
			<string>&lt;group&gt;</string>
		</dict>
		<key>277AFEF4181EA5B80009AE0F</key>
		<dict>
			<key>isa</key>
			<string>PBXFileReference</string>
			<key>lastKnownFileType</key>
			<string>sourcecode.c.h</string>
			<key>path</key>
			<string>ACAppDelegate.h</string>
			<key>sourceTree</key>
			<string>&lt;group&gt;</string>
		</dict>
		<key>277AFEF5181EA5B80009AE0F</key>
		<dict>
			<key>isa</key>
			<string>PBXFileReference</string>
			<key>lastKnownFileType</key>
			<string>sourcecode.c.objc</string>
			<key>path</key>
			<string>ACAppDelegate.m</string>
			<key>sourceTree</key>
			<string>&lt;group&gt;</string>
		</dict>
		<key>277AFEF6181EA5B80009AE0F</key>
		<dict>
			<key>fileRef</key>
			<string>277AFEF5181EA5B80009AE0F</string>
			<key>isa</key>
			<string>PBXBuildFile</string>
		</dict>
		<key>277AFEF7181EA5B80009AE0F</key>
		<dict>
			<key>children</key>
			<array>
				<string>277AFEF8181EA5B80009AE0F</string>
			</array>
			<key>isa</key>
			<string>PBXVariantGroup</string>
			<key>name</key>
			<string>Main.storyboard</string>
			<key>sourceTree</key>
			<string>&lt;group&gt;</string>
		</dict>
		<key>277AFEF8181EA5B80009AE0F</key>
		<dict>
			<key>isa</key>
			<string>PBXFileReference</string>
			<key>lastKnownFileType</key>
			<string>file.storyboard</string>
			<key>name</key>
			<string>Base</string>
			<key>path</key>
			<string>Base.lproj/Main.storyboard</string>
			<key>sourceTree</key>
			<string>&lt;group&gt;</string>
		</dict>
		<key>277AFEF9181EA5B80009AE0F</key>
		<dict>
			<key>fileRef</key>
			<string>277AFEF7181EA5B80009AE0F</string>
			<key>isa</key>
			<string>PBXBuildFile</string>
		</dict>
		<key>277AFEFA181EA5B80009AE0F</key>
		<dict>
			<key>isa</key>
			<string>PBXFileReference</string>
			<key>lastKnownFileType</key>
			<string>sourcecode.c.h</string>
			<key>path</key>
			<string>ACViewController.h</string>
			<key>sourceTree</key>
			<string>&lt;group&gt;</string>
		</dict>
		<key>277AFEFB181EA5B80009AE0F</key>
		<dict>
			<key>isa</key>
			<string>PBXFileReference</string>
			<key>lastKnownFileType</key>
			<string>sourcecode.c.objc</string>
			<key>path</key>
			<string>ACViewController.m</string>
			<key>sourceTree</key>
			<string>&lt;group&gt;</string>
		</dict>
		<key>277AFEFC181EA5B80009AE0F</key>
		<dict>
			<key>fileRef</key>
			<string>277AFEFB181EA5B80009AE0F</string>
			<key>isa</key>
			<string>PBXBuildFile</string>
		</dict>
		<key>277AFEFD181EA5B80009AE0F</key>
		<dict>
			<key>isa</key>
			<string>PBXFileReference</string>
			<key>lastKnownFileType</key>
			<string>folder.assetcatalog</string>
			<key>path</key>
			<string>Images.xcassets</string>
			<key>sourceTree</key>
			<string>&lt;group&gt;</string>
		</dict>
		<key>277AFEFE181EA5B80009AE0F</key>
		<dict>
			<key>fileRef</key>
			<string>277AFEFD181EA5B80009AE0F</string>
			<key>isa</key>
			<string>PBXBuildFile</string>
		</dict>
		<key>277AFEFF181EA5B80009AE0F</key>
		<dict>
			<key>buildActionMask</key>
			<string>2147483647</string>
			<key>files</key>
			<array>
				<string>277AFF23181EBE510009AE0F</string>
				<string>277AFF11181EA5B80009AE0F</string>
			</array>
			<key>isa</key>
			<string>PBXSourcesBuildPhase</string>
			<key>runOnlyForDeploymentPostprocessing</key>
			<string>0</string>
		</dict>
		<key>277AFF00181EA5B80009AE0F</key>
		<dict>
			<key>buildActionMask</key>
			<string>2147483647</string>
			<key>files</key>
			<array>
				<string>277AFF05181EA5B80009AE0F</string>
				<string>277AFF07181EA5B80009AE0F</string>
				<string>277AFF06181EA5B80009AE0F</string>
			</array>
			<key>isa</key>
			<string>PBXFrameworksBuildPhase</string>
			<key>runOnlyForDeploymentPostprocessing</key>
			<string>0</string>
		</dict>
		<key>277AFF01181EA5B80009AE0F</key>
		<dict>
			<key>buildActionMask</key>
			<string>2147483647</string>
			<key>files</key>
			<array>
				<string>277AFF0F181EA5B80009AE0F</string>
			</array>
			<key>isa</key>
			<string>PBXResourcesBuildPhase</string>
			<key>runOnlyForDeploymentPostprocessing</key>
			<string>0</string>
		</dict>
		<key>277AFF02181EA5B80009AE0F</key>
		<dict>
			<key>buildConfigurationList</key>
			<string>277AFF17181EA5B80009AE0F</string>
			<key>buildPhases</key>
			<array>
				<string>277AFEFF181EA5B80009AE0F</string>
				<string>277AFF00181EA5B80009AE0F</string>
				<string>277AFF01181EA5B80009AE0F</string>
			</array>
			<key>buildRules</key>
			<array/>
			<key>dependencies</key>
			<array>
				<string>277AFF09181EA5B80009AE0F</string>
			</array>
			<key>isa</key>
			<string>PBXNativeTarget</string>
			<key>name</key>
			<string>AlarmClockTests</string>
			<key>productName</key>
			<string>AlarmClockTests</string>
			<key>productReference</key>
			<string>277AFF03181EA5B80009AE0F</string>
			<key>productType</key>
			<string>com.apple.product-type.bundle.unit-test</string>
		</dict>
		<key>277AFF03181EA5B80009AE0F</key>
		<dict>
			<key>explicitFileType</key>
			<string>wrapper.cfbundle</string>
			<key>includeInIndex</key>
			<string>0</string>
			<key>isa</key>
			<string>PBXFileReference</string>
			<key>path</key>
			<string>AlarmClockTests.xctest</string>
			<key>sourceTree</key>
			<string>BUILT_PRODUCTS_DIR</string>
		</dict>
		<key>277AFF04181EA5B80009AE0F</key>
		<dict>
			<key>isa</key>
			<string>PBXFileReference</string>
			<key>lastKnownFileType</key>
			<string>wrapper.framework</string>
			<key>name</key>
			<string>XCTest.framework</string>
			<key>path</key>
			<string>Library/Frameworks/XCTest.framework</string>
			<key>sourceTree</key>
			<string>DEVELOPER_DIR</string>
		</dict>
		<key>277AFF05181EA5B80009AE0F</key>
		<dict>
			<key>fileRef</key>
			<string>277AFF04181EA5B80009AE0F</string>
			<key>isa</key>
			<string>PBXBuildFile</string>
		</dict>
		<key>277AFF06181EA5B80009AE0F</key>
		<dict>
			<key>fileRef</key>
			<string>277AFEE5181EA5B80009AE0F</string>
			<key>isa</key>
			<string>PBXBuildFile</string>
		</dict>
		<key>277AFF07181EA5B80009AE0F</key>
		<dict>
			<key>fileRef</key>
			<string>277AFEE9181EA5B80009AE0F</string>
			<key>isa</key>
			<string>PBXBuildFile</string>
		</dict>
		<key>277AFF08181EA5B80009AE0F</key>
		<dict>
			<key>containerPortal</key>
			<string>277AFEDA181EA5B80009AE0F</string>
			<key>isa</key>
			<string>PBXContainerItemProxy</string>
			<key>proxyType</key>
			<string>1</string>
			<key>remoteGlobalIDString</key>
			<string>277AFEE1181EA5B80009AE0F</string>
			<key>remoteInfo</key>
			<string>AlarmClock</string>
		</dict>
		<key>277AFF09181EA5B80009AE0F</key>
		<dict>
			<key>isa</key>
			<string>PBXTargetDependency</string>
			<key>target</key>
			<string>277AFEE1181EA5B80009AE0F</string>
			<key>targetProxy</key>
			<string>277AFF08181EA5B80009AE0F</string>
		</dict>
		<key>277AFF0A181EA5B80009AE0F</key>
		<dict>
			<key>children</key>
			<array>
				<string>277AFF10181EA5B80009AE0F</string>
				<string>277AFF0B181EA5B80009AE0F</string>
			</array>
			<key>isa</key>
			<string>PBXGroup</string>
			<key>path</key>
			<string>AlarmClockTests</string>
			<key>sourceTree</key>
			<string>&lt;group&gt;</string>
		</dict>
		<key>277AFF0B181EA5B80009AE0F</key>
		<dict>
			<key>children</key>
			<array>
				<string>277AFF0C181EA5B80009AE0F</string>
				<string>277AFF0D181EA5B80009AE0F</string>
			</array>
			<key>isa</key>
			<string>PBXGroup</string>
			<key>name</key>
			<string>Supporting Files</string>
			<key>sourceTree</key>
			<string>&lt;group&gt;</string>
		</dict>
		<key>277AFF0C181EA5B80009AE0F</key>
		<dict>
			<key>isa</key>
			<string>PBXFileReference</string>
			<key>lastKnownFileType</key>
			<string>text.plist.xml</string>
			<key>path</key>
			<string>AlarmClockTests-Info.plist</string>
			<key>sourceTree</key>
			<string>&lt;group&gt;</string>
		</dict>
		<key>277AFF0D181EA5B80009AE0F</key>
		<dict>
			<key>children</key>
			<array>
				<string>277AFF0E181EA5B80009AE0F</string>
			</array>
			<key>isa</key>
			<string>PBXVariantGroup</string>
			<key>name</key>
			<string>InfoPlist.strings</string>
			<key>sourceTree</key>
			<string>&lt;group&gt;</string>
		</dict>
		<key>277AFF0E181EA5B80009AE0F</key>
		<dict>
			<key>isa</key>
			<string>PBXFileReference</string>
			<key>lastKnownFileType</key>
			<string>text.plist.strings</string>
			<key>name</key>
			<string>en</string>
			<key>path</key>
			<string>en.lproj/InfoPlist.strings</string>
			<key>sourceTree</key>
			<string>&lt;group&gt;</string>
		</dict>
		<key>277AFF0F181EA5B80009AE0F</key>
		<dict>
			<key>fileRef</key>
			<string>277AFF0D181EA5B80009AE0F</string>
			<key>isa</key>
			<string>PBXBuildFile</string>
		</dict>
		<key>277AFF10181EA5B80009AE0F</key>
		<dict>
			<key>isa</key>
			<string>PBXFileReference</string>
			<key>lastKnownFileType</key>
			<string>sourcecode.c.objc</string>
			<key>path</key>
			<string>AlarmClockTests.m</string>
			<key>sourceTree</key>
			<string>&lt;group&gt;</string>
		</dict>
		<key>277AFF11181EA5B80009AE0F</key>
		<dict>
			<key>fileRef</key>
			<string>277AFF10181EA5B80009AE0F</string>
			<key>isa</key>
			<string>PBXBuildFile</string>
		</dict>
		<key>277AFF12181EA5B80009AE0F</key>
		<dict>
			<key>buildSettings</key>
			<dict>
				<key>ALWAYS_SEARCH_USER_PATHS</key>
				<string>NO</string>
				<key>CLANG_CXX_LANGUAGE_STANDARD</key>
				<string>gnu++0x</string>
				<key>CLANG_CXX_LIBRARY</key>
				<string>libc++</string>
				<key>CLANG_ENABLE_MODULES</key>
				<string>YES</string>
				<key>CLANG_ENABLE_OBJC_ARC</key>
				<string>YES</string>
				<key>CLANG_WARN_BOOL_CONVERSION</key>
				<string>YES</string>
				<key>CLANG_WARN_CONSTANT_CONVERSION</key>
				<string>YES</string>
				<key>CLANG_WARN_DIRECT_OBJC_ISA_USAGE</key>
				<string>YES_ERROR</string>
				<key>CLANG_WARN_EMPTY_BODY</key>
				<string>YES</string>
				<key>CLANG_WARN_ENUM_CONVERSION</key>
				<string>YES</string>
				<key>CLANG_WARN_INT_CONVERSION</key>
				<string>YES</string>
				<key>CLANG_WARN_OBJC_ROOT_CLASS</key>
				<string>YES_ERROR</string>
				<key>CLANG_WARN__DUPLICATE_METHOD_MATCH</key>
				<string>YES</string>
				<key>CODE_SIGN_IDENTITY[sdk=iphoneos*]</key>
				<string>iPhone Developer</string>
				<key>COPY_PHASE_STRIP</key>
				<string>NO</string>
				<key>GCC_C_LANGUAGE_STANDARD</key>
				<string>gnu99</string>
				<key>GCC_DYNAMIC_NO_PIC</key>
				<string>NO</string>
				<key>GCC_OPTIMIZATION_LEVEL</key>
				<string>0</string>
				<key>GCC_PREPROCESSOR_DEFINITIONS</key>
				<array>
					<string>DEBUG=1</string>
					<string>$(inherited)</string>
				</array>
				<key>GCC_SYMBOLS_PRIVATE_EXTERN</key>
				<string>NO</string>
				<key>GCC_WARN_64_TO_32_BIT_CONVERSION</key>
				<string>YES</string>
				<key>GCC_WARN_ABOUT_RETURN_TYPE</key>
				<string>YES_ERROR</string>
				<key>GCC_WARN_UNDECLARED_SELECTOR</key>
				<string>YES</string>
				<key>GCC_WARN_UNINITIALIZED_AUTOS</key>
				<string>YES</string>
				<key>GCC_WARN_UNUSED_FUNCTION</key>
				<string>YES</string>
				<key>GCC_WARN_UNUSED_VARIABLE</key>
				<string>YES</string>
				<key>IPHONEOS_DEPLOYMENT_TARGET</key>
				<string>7.0</string>
				<key>ONLY_ACTIVE_ARCH</key>
				<string>YES</string>
				<key>SDKROOT</key>
				<string>iphoneos</string>
			</dict>
			<key>isa</key>
			<string>XCBuildConfiguration</string>
			<key>name</key>
			<string>Debug</string>
		</dict>
		<key>277AFF13181EA5B80009AE0F</key>
		<dict>
			<key>buildSettings</key>
			<dict>
				<key>ALWAYS_SEARCH_USER_PATHS</key>
				<string>NO</string>
				<key>CLANG_CXX_LANGUAGE_STANDARD</key>
				<string>gnu++0x</string>
				<key>CLANG_CXX_LIBRARY</key>
				<string>libc++</string>
				<key>CLANG_ENABLE_MODULES</key>
				<string>YES</string>
				<key>CLANG_ENABLE_OBJC_ARC</key>
				<string>YES</string>
				<key>CLANG_WARN_BOOL_CONVERSION</key>
				<string>YES</string>
				<key>CLANG_WARN_CONSTANT_CONVERSION</key>
				<string>YES</string>
				<key>CLANG_WARN_DIRECT_OBJC_ISA_USAGE</key>
				<string>YES_ERROR</string>
				<key>CLANG_WARN_EMPTY_BODY</key>
				<string>YES</string>
				<key>CLANG_WARN_ENUM_CONVERSION</key>
				<string>YES</string>
				<key>CLANG_WARN_INT_CONVERSION</key>
				<string>YES</string>
				<key>CLANG_WARN_OBJC_ROOT_CLASS</key>
				<string>YES_ERROR</string>
				<key>CLANG_WARN__DUPLICATE_METHOD_MATCH</key>
				<string>YES</string>
				<key>CODE_SIGN_IDENTITY[sdk=iphoneos*]</key>
				<string>iPhone Developer</string>
				<key>COPY_PHASE_STRIP</key>
				<string>YES</string>
				<key>ENABLE_NS_ASSERTIONS</key>
				<string>NO</string>
				<key>GCC_C_LANGUAGE_STANDARD</key>
				<string>gnu99</string>
				<key>GCC_WARN_64_TO_32_BIT_CONVERSION</key>
				<string>YES</string>
				<key>GCC_WARN_ABOUT_RETURN_TYPE</key>
				<string>YES_ERROR</string>
				<key>GCC_WARN_UNDECLARED_SELECTOR</key>
				<string>YES</string>
				<key>GCC_WARN_UNINITIALIZED_AUTOS</key>
				<string>YES</string>
				<key>GCC_WARN_UNUSED_FUNCTION</key>
				<string>YES</string>
				<key>GCC_WARN_UNUSED_VARIABLE</key>
				<string>YES</string>
				<key>IPHONEOS_DEPLOYMENT_TARGET</key>
				<string>7.0</string>
				<key>SDKROOT</key>
				<string>iphoneos</string>
				<key>VALIDATE_PRODUCT</key>
				<string>YES</string>
			</dict>
			<key>isa</key>
			<string>XCBuildConfiguration</string>
			<key>name</key>
			<string>Release</string>
		</dict>
		<key>277AFF14181EA5B80009AE0F</key>
		<dict>
			<key>buildConfigurations</key>
			<array>
				<string>277AFF15181EA5B80009AE0F</string>
				<string>277AFF16181EA5B80009AE0F</string>
			</array>
			<key>defaultConfigurationIsVisible</key>
			<string>0</string>
			<key>defaultConfigurationName</key>
			<string>Release</string>
			<key>isa</key>
			<string>XCConfigurationList</string>
		</dict>
		<key>277AFF15181EA5B80009AE0F</key>
		<dict>
			<key>baseConfigurationReference</key>
			<string>9BF5BECAF8E149C1A7C66531</string>
			<key>buildSettings</key>
			<dict>
				<key>ASSETCATALOG_COMPILER_APPICON_NAME</key>
				<string>AppIcon</string>
				<key>ASSETCATALOG_COMPILER_LAUNCHIMAGE_NAME</key>
				<string>LaunchImage</string>
				<key>CODE_SIGN_ENTITLEMENTS</key>
				<string>AlarmClock/AlarmClock.entitlements</string>
				<key>CODE_SIGN_IDENTITY</key>
				<string>iPhone Developer</string>
				<key>CODE_SIGN_IDENTITY[sdk=iphoneos*]</key>
				<string>iPhone Developer</string>
				<key>FRAMEWORK_SEARCH_PATHS</key>
				<array>
					<string>$(inherited)</string>
					<string>/Users/Kyle/XcodeProjects/Desk-Clock</string>
					<string>/Users/Kyle/XcodeProjects/AlarmClock/AlarmClock</string>
					<string>/Users/Kyle/XcodeProjects/Desk-Clock/AlarmClock</string>
					<string>/Users/Kyle/Xcode/Desk-Clock</string>
				</array>
				<key>GCC_PRECOMPILE_PREFIX_HEADER</key>
				<string>YES</string>
				<key>GCC_PREFIX_HEADER</key>
				<string>AlarmClock/AlarmClock-Prefix.pch</string>
				<key>INFOPLIST_FILE</key>
				<string>AlarmClock/AlarmClock-Info.plist</string>
				<key>IPHONEOS_DEPLOYMENT_TARGET</key>
				<string>7.0</string>
				<key>LIBRARY_SEARCH_PATHS</key>
				<array>
					<string>$(inherited)</string>
					<string>/Users/Kyle/XcodeProjects/Desk-Clock/AlarmClock</string>
					<string>/Users/Kyle/Xcode/Desk-Clock/AlarmClock</string>
				</array>
				<key>PRODUCT_NAME</key>
				<string>$(TARGET_NAME)</string>
				<key>PROVISIONING_PROFILE</key>
				<string></string>
				<key>TARGETED_DEVICE_FAMILY</key>
				<string>1,2</string>
				<key>WRAPPER_EXTENSION</key>
				<string>app</string>
			</dict>
			<key>isa</key>
			<string>XCBuildConfiguration</string>
			<key>name</key>
			<string>Debug</string>
		</dict>
		<key>277AFF16181EA5B80009AE0F</key>
		<dict>
			<key>baseConfigurationReference</key>
			<string>9BF5BECAF8E149C1A7C66531</string>
			<key>buildSettings</key>
			<dict>
				<key>ASSETCATALOG_COMPILER_APPICON_NAME</key>
				<string>AppIcon</string>
				<key>ASSETCATALOG_COMPILER_LAUNCHIMAGE_NAME</key>
				<string>LaunchImage</string>
				<key>CODE_SIGN_ENTITLEMENTS</key>
				<string>AlarmClock/AlarmClock.entitlements</string>
				<key>CODE_SIGN_IDENTITY</key>
				<string>iPhone Developer</string>
				<key>CODE_SIGN_IDENTITY[sdk=iphoneos*]</key>
				<string>iPhone Developer</string>
				<key>FRAMEWORK_SEARCH_PATHS</key>
				<array>
					<string>$(inherited)</string>
					<string>/Users/Kyle/XcodeProjects/Desk-Clock</string>
					<string>/Users/Kyle/XcodeProjects/AlarmClock/AlarmClock</string>
					<string>/Users/Kyle/XcodeProjects/Desk-Clock/AlarmClock</string>
					<string>/Users/Kyle/Xcode/Desk-Clock</string>
				</array>
				<key>GCC_PRECOMPILE_PREFIX_HEADER</key>
				<string>YES</string>
				<key>GCC_PREFIX_HEADER</key>
				<string>AlarmClock/AlarmClock-Prefix.pch</string>
				<key>INFOPLIST_FILE</key>
				<string>AlarmClock/AlarmClock-Info.plist</string>
				<key>IPHONEOS_DEPLOYMENT_TARGET</key>
				<string>7.0</string>
				<key>LIBRARY_SEARCH_PATHS</key>
				<array>
					<string>$(inherited)</string>
					<string>/Users/Kyle/XcodeProjects/Desk-Clock/AlarmClock</string>
					<string>/Users/Kyle/Xcode/Desk-Clock/AlarmClock</string>
				</array>
				<key>PRODUCT_NAME</key>
				<string>$(TARGET_NAME)</string>
				<key>PROVISIONING_PROFILE</key>
				<string></string>
				<key>TARGETED_DEVICE_FAMILY</key>
				<string>1,2</string>
				<key>WRAPPER_EXTENSION</key>
				<string>app</string>
			</dict>
			<key>isa</key>
			<string>XCBuildConfiguration</string>
			<key>name</key>
			<string>Release</string>
		</dict>
		<key>277AFF17181EA5B80009AE0F</key>
		<dict>
			<key>buildConfigurations</key>
			<array>
				<string>277AFF18181EA5B80009AE0F</string>
				<string>277AFF19181EA5B80009AE0F</string>
			</array>
			<key>defaultConfigurationIsVisible</key>
			<string>0</string>
			<key>defaultConfigurationName</key>
			<string>Release</string>
			<key>isa</key>
			<string>XCConfigurationList</string>
		</dict>
		<key>277AFF18181EA5B80009AE0F</key>
		<dict>
			<key>buildSettings</key>
			<dict>
				<key>BUNDLE_LOADER</key>
				<string>$(BUILT_PRODUCTS_DIR)/AlarmClock.app/AlarmClock</string>
				<key>FRAMEWORK_SEARCH_PATHS</key>
				<array>
					<string>$(SDKROOT)/Developer/Library/Frameworks</string>
					<string>$(inherited)</string>
					<string>$(DEVELOPER_FRAMEWORKS_DIR)</string>
				</array>
				<key>GCC_PRECOMPILE_PREFIX_HEADER</key>
				<string>YES</string>
				<key>GCC_PREFIX_HEADER</key>
				<string>AlarmClock/AlarmClock-Prefix.pch</string>
				<key>GCC_PREPROCESSOR_DEFINITIONS</key>
				<array>
					<string>DEBUG=1</string>
					<string>$(inherited)</string>
				</array>
				<key>INFOPLIST_FILE</key>
				<string>AlarmClockTests/AlarmClockTests-Info.plist</string>
				<key>PRODUCT_NAME</key>
				<string>$(TARGET_NAME)</string>
				<key>TEST_HOST</key>
				<string>$(BUNDLE_LOADER)</string>
				<key>WRAPPER_EXTENSION</key>
				<string>xctest</string>
			</dict>
			<key>isa</key>
			<string>XCBuildConfiguration</string>
			<key>name</key>
			<string>Debug</string>
		</dict>
		<key>277AFF19181EA5B80009AE0F</key>
		<dict>
			<key>buildSettings</key>
			<dict>
				<key>BUNDLE_LOADER</key>
				<string>$(BUILT_PRODUCTS_DIR)/AlarmClock.app/AlarmClock</string>
				<key>FRAMEWORK_SEARCH_PATHS</key>
				<array>
					<string>$(SDKROOT)/Developer/Library/Frameworks</string>
					<string>$(inherited)</string>
					<string>$(DEVELOPER_FRAMEWORKS_DIR)</string>
				</array>
				<key>GCC_PRECOMPILE_PREFIX_HEADER</key>
				<string>YES</string>
				<key>GCC_PREFIX_HEADER</key>
				<string>AlarmClock/AlarmClock-Prefix.pch</string>
				<key>INFOPLIST_FILE</key>
				<string>AlarmClockTests/AlarmClockTests-Info.plist</string>
				<key>PRODUCT_NAME</key>
				<string>$(TARGET_NAME)</string>
				<key>TEST_HOST</key>
				<string>$(BUNDLE_LOADER)</string>
				<key>WRAPPER_EXTENSION</key>
				<string>xctest</string>
			</dict>
			<key>isa</key>
			<string>XCBuildConfiguration</string>
			<key>name</key>
			<string>Release</string>
		</dict>
		<key>277AFF20181EBE510009AE0F</key>
		<dict>
			<key>fileEncoding</key>
			<string>4</string>
			<key>isa</key>
			<string>PBXFileReference</string>
			<key>lastKnownFileType</key>
			<string>sourcecode.c.h</string>
			<key>path</key>
			<string>ACInfoViewController.h</string>
			<key>sourceTree</key>
			<string>&lt;group&gt;</string>
		</dict>
		<key>277AFF21181EBE510009AE0F</key>
		<dict>
			<key>fileEncoding</key>
			<string>4</string>
			<key>isa</key>
			<string>PBXFileReference</string>
			<key>lastKnownFileType</key>
			<string>sourcecode.c.objc</string>
			<key>path</key>
			<string>ACInfoViewController.m</string>
			<key>sourceTree</key>
			<string>&lt;group&gt;</string>
		</dict>
		<key>277AFF22181EBE510009AE0F</key>
		<dict>
			<key>fileRef</key>
			<string>277AFF21181EBE510009AE0F</string>
			<key>isa</key>
			<string>PBXBuildFile</string>
		</dict>
		<key>277AFF23181EBE510009AE0F</key>
		<dict>
			<key>fileRef</key>
			<string>277AFF21181EBE510009AE0F</string>
			<key>isa</key>
			<string>PBXBuildFile</string>
		</dict>
		<key>2785DAF418D0E47200B8D39B</key>
		<dict>
			<key>children</key>
			<array>
				<string>277AFEFA181EA5B80009AE0F</string>
				<string>277AFEFB181EA5B80009AE0F</string>
			</array>
			<key>isa</key>
			<string>PBXGroup</string>
			<key>name</key>
			<string>ViewController</string>
			<key>sourceTree</key>
			<string>&lt;group&gt;</string>
		</dict>
		<key>2785DAF518D0E48A00B8D39B</key>
		<dict>
			<key>children</key>
			<array>
				<string>277AFF20181EBE510009AE0F</string>
				<string>277AFF21181EBE510009AE0F</string>
			</array>
			<key>isa</key>
			<string>PBXGroup</string>
			<key>name</key>
			<string>Beta Controller</string>
			<key>sourceTree</key>
			<string>&lt;group&gt;</string>
		</dict>
		<key>2785DAF618D0E49D00B8D39B</key>
		<dict>
			<key>children</key>
			<array>
				<string>2785DAFA18D0E53E00B8D39B</string>
				<string>2785DAFB18D0E53E00B8D39B</string>
				<string>27A8D1F918DBD8C8003FBA55</string>
				<string>27A8D1FA18DBD8C8003FBA55</string>
				<string>27A8D1FC18DBD8F8003FBA55</string>
				<string>27A8D1FD18DBD8F8003FBA55</string>
			</array>
			<key>isa</key>
			<string>PBXGroup</string>
			<key>name</key>
			<string>NightViewController</string>
			<key>sourceTree</key>
			<string>&lt;group&gt;</string>
		</dict>
		<key>2785DAFA18D0E53E00B8D39B</key>
		<dict>
			<key>fileEncoding</key>
			<string>4</string>
			<key>isa</key>
			<string>PBXFileReference</string>
			<key>lastKnownFileType</key>
			<string>sourcecode.c.h</string>
			<key>path</key>
			<string>ACNightViewController.h</string>
			<key>sourceTree</key>
			<string>&lt;group&gt;</string>
		</dict>
		<key>2785DAFB18D0E53E00B8D39B</key>
		<dict>
			<key>fileEncoding</key>
			<string>4</string>
			<key>isa</key>
			<string>PBXFileReference</string>
			<key>lastKnownFileType</key>
			<string>sourcecode.c.objc</string>
			<key>path</key>
			<string>ACNightViewController.m</string>
			<key>sourceTree</key>
			<string>&lt;group&gt;</string>
		</dict>
		<key>2785DAFC18D0E53E00B8D39B</key>
		<dict>
			<key>fileRef</key>
			<string>2785DAFB18D0E53E00B8D39B</string>
			<key>isa</key>
			<string>PBXBuildFile</string>
		</dict>
		<key>278A542F182B107100A632DE</key>
		<dict>
			<key>isa</key>
			<string>PBXFileReference</string>
			<key>lastKnownFileType</key>
			<string>archive.ar</string>
			<key>path</key>
			<string>libTestFlight.a</string>
			<key>sourceTree</key>
			<string>&lt;group&gt;</string>
		</dict>
		<key>278A5430182B107100A632DE</key>
		<dict>
			<key>fileEncoding</key>
			<string>4</string>
			<key>isa</key>
			<string>PBXFileReference</string>
			<key>lastKnownFileType</key>
			<string>sourcecode.c.h</string>
			<key>path</key>
			<string>TestFlight.h</string>
			<key>sourceTree</key>
			<string>&lt;group&gt;</string>
		</dict>
		<key>278A5431182B107100A632DE</key>
		<dict>
			<key>fileEncoding</key>
			<string>4</string>
			<key>isa</key>
			<string>PBXFileReference</string>
			<key>lastKnownFileType</key>
			<string>sourcecode.c.h</string>
			<key>path</key>
			<string>TestFlight+AsyncLogging.h</string>
			<key>sourceTree</key>
			<string>&lt;group&gt;</string>
		</dict>
		<key>278A5432182B107100A632DE</key>
		<dict>
			<key>fileEncoding</key>
			<string>4</string>
			<key>isa</key>
			<string>PBXFileReference</string>
			<key>lastKnownFileType</key>
			<string>sourcecode.c.h</string>
			<key>path</key>
			<string>TestFlight+ManualSessions.h</string>
			<key>sourceTree</key>
			<string>&lt;group&gt;</string>
		</dict>
		<key>278A5434182B107700A632DE</key>
		<dict>
			<key>children</key>
			<array>
				<string>278A542F182B107100A632DE</string>
				<string>278A5430182B107100A632DE</string>
				<string>278A5431182B107100A632DE</string>
				<string>278A5432182B107100A632DE</string>
			</array>
			<key>isa</key>
			<string>PBXGroup</string>
			<key>name</key>
			<string>TestFlight</string>
			<key>sourceTree</key>
			<string>&lt;group&gt;</string>
		</dict>
		<key>278A5435182B10C800A632DE</key>
		<dict>
			<key>isa</key>
			<string>PBXFileReference</string>
			<key>lastKnownFileType</key>
			<string>compiled.mach-o.dylib</string>
			<key>name</key>
			<string>libz.dylib</string>
			<key>path</key>
			<string>usr/lib/libz.dylib</string>
			<key>sourceTree</key>
			<string>SDKROOT</string>
		</dict>
		<key>278A5436182B10C800A632DE</key>
		<dict>
			<key>fileRef</key>
			<string>278A5435182B10C800A632DE</string>
			<key>isa</key>
			<string>PBXBuildFile</string>
		</dict>
		<key>278A5437182B385400A632DE</key>
		<dict>
			<key>children</key>
			<array>
				<string>27208B12182145CC0025FEBD</string>
				<string>27208B13182145CC0025FEBD</string>
				<string>27208B14182145CC0025FEBD</string>
			</array>
			<key>isa</key>
			<string>PBXGroup</string>
			<key>name</key>
			<string>iPhone</string>
			<key>sourceTree</key>
			<string>&lt;group&gt;</string>
		</dict>
		<key>278A5438182B385900A632DE</key>
		<dict>
			<key>children</key>
			<array/>
			<key>isa</key>
			<string>PBXGroup</string>
			<key>name</key>
			<string>iPad</string>
			<key>sourceTree</key>
			<string>&lt;group&gt;</string>
		</dict>
		<key>278A543D182B40F900A632DE</key>
		<dict>
			<key>isa</key>
			<string>PBXFileReference</string>
			<key>lastKnownFileType</key>
			<string>wrapper.framework</string>
			<key>name</key>
			<string>Accelerate.framework</string>
			<key>path</key>
			<string>System/Library/Frameworks/Accelerate.framework</string>
			<key>sourceTree</key>
			<string>SDKROOT</string>
		</dict>
		<key>278A543E182B40F900A632DE</key>
		<dict>
			<key>fileRef</key>
			<string>278A543D182B40F900A632DE</string>
			<key>isa</key>
			<string>PBXBuildFile</string>
		</dict>
		<key>278A543F182B4D0000A632DE</key>
		<dict>
			<key>children</key>
			<array>
				<string>270894001821C297006E23BA</string>
				<string>270894011821C297006E23BA</string>
				<string>270894021821C297006E23BA</string>
				<string>270894031821C297006E23BA</string>
				<string>270894041821C297006E23BA</string>
				<string>270894051821C297006E23BA</string>
				<string>270894061821C297006E23BA</string>
				<string>270894071821C297006E23BA</string>
				<string>270894081821C297006E23BA</string>
				<string>270894091821C297006E23BA</string>
			</array>
			<key>isa</key>
			<string>PBXGroup</string>
			<key>name</key>
			<string>Icons</string>
			<key>sourceTree</key>
			<string>&lt;group&gt;</string>
		</dict>
		<key>278A5440182B4D2500A632DE</key>
		<dict>
			<key>children</key>
			<array>
				<string>278A5445182B4D6C00A632DE</string>
				<string>278A5446182B4D6C00A632DE</string>
			</array>
			<key>isa</key>
			<string>PBXGroup</string>
			<key>name</key>
			<string>Product Images</string>
			<key>sourceTree</key>
			<string>&lt;group&gt;</string>
		</dict>
		<key>278A5445182B4D6C00A632DE</key>
		<dict>
			<key>isa</key>
			<string>PBXFileReference</string>
			<key>lastKnownFileType</key>
			<string>image.png</string>
			<key>path</key>
			<string>iPhone5c.png</string>
			<key>sourceTree</key>
			<string>&lt;group&gt;</string>
		</dict>
		<key>278A5446182B4D6C00A632DE</key>
		<dict>
			<key>isa</key>
			<string>PBXFileReference</string>
			<key>lastKnownFileType</key>
			<string>image.png</string>
			<key>path</key>
			<string>iPhone5s.png</string>
			<key>sourceTree</key>
			<string>&lt;group&gt;</string>
		</dict>
		<key>278A5447182B4D6C00A632DE</key>
		<dict>
			<key>fileRef</key>
			<string>278A5445182B4D6C00A632DE</string>
			<key>isa</key>
			<string>PBXBuildFile</string>
		</dict>
		<key>278A5448182B4D6C00A632DE</key>
		<dict>
			<key>fileRef</key>
			<string>278A5446182B4D6C00A632DE</string>
			<key>isa</key>
			<string>PBXBuildFile</string>
		</dict>
		<key>278A5449182B56CB00A632DE</key>
		<dict>
			<key>fileEncoding</key>
			<string>4</string>
			<key>isa</key>
			<string>PBXFileReference</string>
			<key>lastKnownFileType</key>
			<string>text.plist.xml</string>
			<key>path</key>
			<string>TutorialState.plist</string>
			<key>sourceTree</key>
			<string>&lt;group&gt;</string>
		</dict>
		<key>278A544A182B56CB00A632DE</key>
		<dict>
			<key>fileRef</key>
			<string>278A5449182B56CB00A632DE</string>
			<key>isa</key>
			<string>PBXBuildFile</string>
		</dict>
		<key>279709A718D419D000B03572</key>
		<dict>
			<key>fileEncoding</key>
			<string>4</string>
			<key>isa</key>
			<string>PBXFileReference</string>
			<key>lastKnownFileType</key>
			<string>sourcecode.c.h</string>
			<key>path</key>
			<string>ACSettingsViewController.h</string>
			<key>sourceTree</key>
			<string>&lt;group&gt;</string>
		</dict>
		<key>279709A818D419D000B03572</key>
		<dict>
			<key>fileEncoding</key>
			<string>4</string>
			<key>isa</key>
			<string>PBXFileReference</string>
			<key>lastKnownFileType</key>
			<string>sourcecode.c.objc</string>
			<key>path</key>
			<string>ACSettingsViewController.m</string>
			<key>sourceTree</key>
			<string>&lt;group&gt;</string>
		</dict>
		<key>279709A918D419D000B03572</key>
		<dict>
			<key>fileRef</key>
			<string>279709A818D419D000B03572</string>
			<key>isa</key>
			<string>PBXBuildFile</string>
		</dict>
		<key>279709AA18D420D300B03572</key>
		<dict>
			<key>isa</key>
			<string>PBXFileReference</string>
			<key>lastKnownFileType</key>
			<string>wrapper.framework</string>
			<key>name</key>
			<string>Social.framework</string>
			<key>path</key>
			<string>System/Library/Frameworks/Social.framework</string>
			<key>sourceTree</key>
			<string>SDKROOT</string>
		</dict>
		<key>279709AB18D420D300B03572</key>
		<dict>
			<key>fileRef</key>
			<string>279709AA18D420D300B03572</string>
			<key>isa</key>
			<string>PBXBuildFile</string>
		</dict>
		<key>279709AC18D4247800B03572</key>
		<dict>
			<key>isa</key>
			<string>PBXFileReference</string>
			<key>lastKnownFileType</key>
			<string>audio.mp3</string>
			<key>path</key>
			<string>Alarm.mp3</string>
			<key>sourceTree</key>
			<string>&lt;group&gt;</string>
		</dict>
		<key>279709AD18D4247800B03572</key>
		<dict>
			<key>fileRef</key>
			<string>279709AC18D4247800B03572</string>
			<key>isa</key>
			<string>PBXBuildFile</string>
		</dict>
		<key>279709AE18D425A300B03572</key>
		<dict>
			<key>isa</key>
			<string>PBXFileReference</string>
			<key>lastKnownFileType</key>
			<string>wrapper.framework</string>
			<key>name</key>
			<string>AVFoundation.framework</string>
			<key>path</key>
			<string>System/Library/Frameworks/AVFoundation.framework</string>
			<key>sourceTree</key>
			<string>SDKROOT</string>
		</dict>
		<key>279709AF18D425A300B03572</key>
		<dict>
			<key>fileRef</key>
			<string>279709AE18D425A300B03572</string>
			<key>isa</key>
			<string>PBXBuildFile</string>
		</dict>
		<key>27A8D1F918DBD8C8003FBA55</key>
		<dict>
			<key>fileEncoding</key>
			<string>4</string>
			<key>isa</key>
			<string>PBXFileReference</string>
			<key>lastKnownFileType</key>
			<string>sourcecode.c.h</string>
			<key>path</key>
			<string>ACDayTimeViewController.h</string>
			<key>sourceTree</key>
			<string>&lt;group&gt;</string>
		</dict>
		<key>27A8D1FA18DBD8C8003FBA55</key>
		<dict>
			<key>fileEncoding</key>
			<string>4</string>
			<key>isa</key>
			<string>PBXFileReference</string>
			<key>lastKnownFileType</key>
			<string>sourcecode.c.objc</string>
			<key>path</key>
			<string>ACDayTimeViewController.m</string>
			<key>sourceTree</key>
			<string>&lt;group&gt;</string>
		</dict>
		<key>27A8D1FB18DBD8C8003FBA55</key>
		<dict>
			<key>fileRef</key>
			<string>27A8D1FA18DBD8C8003FBA55</string>
			<key>isa</key>
			<string>PBXBuildFile</string>
		</dict>
		<key>27A8D1FC18DBD8F8003FBA55</key>
		<dict>
			<key>fileEncoding</key>
			<string>4</string>
			<key>isa</key>
			<string>PBXFileReference</string>
			<key>lastKnownFileType</key>
			<string>sourcecode.c.h</string>
			<key>path</key>
			<string>ACNightTimeViewController.h</string>
			<key>sourceTree</key>
			<string>&lt;group&gt;</string>
		</dict>
		<key>27A8D1FD18DBD8F8003FBA55</key>
		<dict>
			<key>fileEncoding</key>
			<string>4</string>
			<key>isa</key>
			<string>PBXFileReference</string>
			<key>lastKnownFileType</key>
			<string>sourcecode.c.objc</string>
			<key>path</key>
			<string>ACNightTimeViewController.m</string>
			<key>sourceTree</key>
			<string>&lt;group&gt;</string>
		</dict>
		<key>27A8D1FE18DBD8F8003FBA55</key>
		<dict>
			<key>fileRef</key>
			<string>27A8D1FD18DBD8F8003FBA55</string>
			<key>isa</key>
			<string>PBXBuildFile</string>
		</dict>
		<key>27B4861518D4EE91004CA2DD</key>
		<dict>
			<key>isa</key>
			<string>PBXFileReference</string>
			<key>lastKnownFileType</key>
			<string>wrapper.framework</string>
			<key>name</key>
			<string>AudioToolbox.framework</string>
			<key>path</key>
			<string>System/Library/Frameworks/AudioToolbox.framework</string>
			<key>sourceTree</key>
			<string>SDKROOT</string>
		</dict>
		<key>27B4861618D4EE91004CA2DD</key>
		<dict>
			<key>fileRef</key>
			<string>27B4861518D4EE91004CA2DD</string>
			<key>isa</key>
			<string>PBXBuildFile</string>
		</dict>
		<key>27B4861A18D50971004CA2DD</key>
		<dict>
			<key>children</key>
			<array>
				<string>27B4861B18D509DF004CA2DD</string>
				<string>27B4861C18D509DF004CA2DD</string>
			</array>
			<key>isa</key>
			<string>PBXGroup</string>
			<key>name</key>
			<string>AboutViewController</string>
			<key>sourceTree</key>
			<string>&lt;group&gt;</string>
		</dict>
		<key>27B4861B18D509DF004CA2DD</key>
		<dict>
			<key>fileEncoding</key>
			<string>4</string>
			<key>isa</key>
			<string>PBXFileReference</string>
			<key>lastKnownFileType</key>
			<string>sourcecode.c.h</string>
			<key>path</key>
			<string>ACAboutViewController.h</string>
			<key>sourceTree</key>
			<string>&lt;group&gt;</string>
		</dict>
		<key>27B4861C18D509DF004CA2DD</key>
		<dict>
			<key>fileEncoding</key>
			<string>4</string>
			<key>isa</key>
			<string>PBXFileReference</string>
			<key>lastKnownFileType</key>
			<string>sourcecode.c.objc</string>
			<key>path</key>
			<string>ACAboutViewController.m</string>
			<key>sourceTree</key>
			<string>&lt;group&gt;</string>
		</dict>
		<key>27B4861D18D509DF004CA2DD</key>
		<dict>
			<key>fileRef</key>
			<string>27B4861C18D509DF004CA2DD</string>
			<key>isa</key>
			<string>PBXBuildFile</string>
		</dict>
		<key>27B4861E18D554EF004CA2DD</key>
		<dict>
			<key>isa</key>
			<string>PBXFileReference</string>
			<key>lastKnownFileType</key>
			<string>image.png</string>
			<key>path</key>
			<string>heart_settings_button.png</string>
			<key>sourceTree</key>
			<string>SOURCE_ROOT</string>
		</dict>
		<key>27B4861F18D554EF004CA2DD</key>
		<dict>
			<key>isa</key>
			<string>PBXFileReference</string>
			<key>lastKnownFileType</key>
			<string>image.png</string>
			<key>path</key>
			<string>heart_settings_button@2x.png</string>
			<key>sourceTree</key>
			<string>SOURCE_ROOT</string>
		</dict>
		<key>27B4862018D554EF004CA2DD</key>
		<dict>
			<key>fileRef</key>
			<string>27B4861E18D554EF004CA2DD</string>
			<key>isa</key>
			<string>PBXBuildFile</string>
		</dict>
		<key>27B4862118D554EF004CA2DD</key>
		<dict>
			<key>fileRef</key>
			<string>27B4861F18D554EF004CA2DD</string>
			<key>isa</key>
			<string>PBXBuildFile</string>
		</dict>
		<key>27D5CCEA18711EC600061B47</key>
		<dict>
			<key>children</key>
			<array>
				<string>27D5CCEC18711EE600061B47</string>
				<string>27D5CCEB18711ED500061B47</string>
			</array>
			<key>isa</key>
			<string>PBXGroup</string>
			<key>name</key>
			<string>OverlayTutorial</string>
			<key>sourceTree</key>
			<string>&lt;group&gt;</string>
		</dict>
		<key>27D5CCEB18711ED500061B47</key>
		<dict>
			<key>children</key>
			<array>
				<string>27D5CCED18711EFC00061B47</string>
				<string>27D5CCEE18711EFC00061B47</string>
			</array>
			<key>isa</key>
			<string>PBXGroup</string>
			<key>name</key>
			<string>iPhone</string>
			<key>sourceTree</key>
			<string>&lt;group&gt;</string>
		</dict>
		<key>27D5CCEC18711EE600061B47</key>
		<dict>
			<key>children</key>
			<array>
				<string>27D5CCF018711F1600061B47</string>
				<string>27D5CCF118711F1600061B47</string>
			</array>
			<key>isa</key>
			<string>PBXGroup</string>
			<key>name</key>
			<string>iPad</string>
			<key>sourceTree</key>
			<string>&lt;group&gt;</string>
		</dict>
		<key>27D5CCED18711EFC00061B47</key>
		<dict>
			<key>fileEncoding</key>
			<string>4</string>
			<key>isa</key>
			<string>PBXFileReference</string>
			<key>lastKnownFileType</key>
			<string>sourcecode.c.h</string>
			<key>path</key>
			<string>ACOverlayViewController.h</string>
			<key>sourceTree</key>
			<string>&lt;group&gt;</string>
		</dict>
		<key>27D5CCEE18711EFC00061B47</key>
		<dict>
			<key>fileEncoding</key>
			<string>4</string>
			<key>isa</key>
			<string>PBXFileReference</string>
			<key>lastKnownFileType</key>
			<string>sourcecode.c.objc</string>
			<key>path</key>
			<string>ACOverlayViewController.m</string>
			<key>sourceTree</key>
			<string>&lt;group&gt;</string>
		</dict>
		<key>27D5CCEF18711EFC00061B47</key>
		<dict>
			<key>fileRef</key>
			<string>27D5CCEE18711EFC00061B47</string>
			<key>isa</key>
			<string>PBXBuildFile</string>
		</dict>
		<key>27D5CCF018711F1600061B47</key>
		<dict>
			<key>fileEncoding</key>
			<string>4</string>
			<key>isa</key>
			<string>PBXFileReference</string>
			<key>lastKnownFileType</key>
			<string>sourcecode.c.h</string>
			<key>path</key>
			<string>ACOverlayViewController~ipad.h</string>
			<key>sourceTree</key>
			<string>&lt;group&gt;</string>
		</dict>
		<key>27D5CCF118711F1600061B47</key>
		<dict>
			<key>fileEncoding</key>
			<string>4</string>
			<key>isa</key>
			<string>PBXFileReference</string>
			<key>lastKnownFileType</key>
			<string>sourcecode.c.objc</string>
			<key>path</key>
			<string>ACOverlayViewController~ipad.m</string>
			<key>sourceTree</key>
			<string>&lt;group&gt;</string>
		</dict>
		<key>27D5CCF218711F1600061B47</key>
		<dict>
			<key>fileRef</key>
			<string>27D5CCF118711F1600061B47</string>
			<key>isa</key>
			<string>PBXBuildFile</string>
		</dict>
		<key>27D7FF8D182AB8A200A14824</key>
		<dict>
			<key>buildActionMask</key>
			<string>12</string>
			<key>files</key>
			<array/>
			<key>inputPaths</key>
			<array/>
			<key>isa</key>
			<string>PBXShellScriptBuildPhase</string>
			<key>outputPaths</key>
			<array/>
			<key>runOnlyForDeploymentPostprocessing</key>
			<string>0</string>
			<key>shellPath</key>
			<string>/bin/sh</string>
			<key>shellScript</key>
			<string>./Crashlytics.framework/run e6796ec21a8268eef118ce2bffeb5fd9a084bcb1 a12dedb951e246404c4da4a62cdfdc987980947d1e39583cb86f9f54d4c38dd5</string>
			<key>showEnvVarsInLog</key>
			<string>0</string>
		</dict>
		<key>27D7FF90182ABAD900A14824</key>
		<dict>
			<key>children</key>
			<array>
				<string>27D7FF95182ABB1400A14824</string>
				<string>27D7FF94182ABB0E00A14824</string>
			</array>
			<key>isa</key>
			<string>PBXGroup</string>
			<key>name</key>
			<string>Beta Settings</string>
			<key>sourceTree</key>
			<string>&lt;group&gt;</string>
		</dict>
		<key>27D7FF91182ABAF800A14824</key>
		<dict>
			<key>fileEncoding</key>
			<string>4</string>
			<key>isa</key>
			<string>PBXFileReference</string>
			<key>lastKnownFileType</key>
			<string>sourcecode.c.h</string>
			<key>path</key>
			<string>ACBetaViewController.h</string>
			<key>sourceTree</key>
			<string>&lt;group&gt;</string>
		</dict>
		<key>27D7FF92182ABAF800A14824</key>
		<dict>
			<key>fileEncoding</key>
			<string>4</string>
			<key>isa</key>
			<string>PBXFileReference</string>
			<key>lastKnownFileType</key>
			<string>sourcecode.c.objc</string>
			<key>path</key>
			<string>ACBetaViewController.m</string>
			<key>sourceTree</key>
			<string>&lt;group&gt;</string>
		</dict>
		<key>27D7FF93182ABAF800A14824</key>
		<dict>
			<key>fileRef</key>
			<string>27D7FF92182ABAF800A14824</string>
			<key>isa</key>
			<string>PBXBuildFile</string>
		</dict>
		<key>27D7FF94182ABB0E00A14824</key>
		<dict>
			<key>children</key>
			<array>
				<string>27D7FF91182ABAF800A14824</string>
				<string>27D7FF92182ABAF800A14824</string>
			</array>
			<key>isa</key>
			<string>PBXGroup</string>
			<key>name</key>
			<string>iPhone</string>
			<key>sourceTree</key>
			<string>&lt;group&gt;</string>
		</dict>
		<key>27D7FF95182ABB1400A14824</key>
		<dict>
			<key>children</key>
			<array>
				<string>27D7FF96182ABB3300A14824</string>
				<string>27D7FF97182ABB3300A14824</string>
			</array>
			<key>isa</key>
			<string>PBXGroup</string>
			<key>name</key>
			<string>iPad</string>
			<key>sourceTree</key>
			<string>&lt;group&gt;</string>
		</dict>
		<key>27D7FF96182ABB3300A14824</key>
		<dict>
			<key>fileEncoding</key>
			<string>4</string>
			<key>isa</key>
			<string>PBXFileReference</string>
			<key>lastKnownFileType</key>
			<string>sourcecode.c.h</string>
			<key>path</key>
			<string>ACBetaViewController~ipad.h</string>
			<key>sourceTree</key>
			<string>&lt;group&gt;</string>
		</dict>
		<key>27D7FF97182ABB3300A14824</key>
		<dict>
			<key>fileEncoding</key>
			<string>4</string>
			<key>isa</key>
			<string>PBXFileReference</string>
			<key>lastKnownFileType</key>
			<string>sourcecode.c.objc</string>
			<key>path</key>
			<string>ACBetaViewController~ipad.m</string>
			<key>sourceTree</key>
			<string>&lt;group&gt;</string>
		</dict>
		<key>27D7FF98182ABB3300A14824</key>
		<dict>
			<key>fileRef</key>
			<string>27D7FF97182ABB3300A14824</string>
			<key>isa</key>
			<string>PBXBuildFile</string>
		</dict>
		<key>27DA48D8183DBF1E00E42540</key>
		<dict>
			<key>fileEncoding</key>
			<string>4</string>
			<key>isa</key>
			<string>PBXFileReference</string>
			<key>lastKnownFileType</key>
			<string>text.plist.xml</string>
			<key>path</key>
			<string>InitialSettings.plist</string>
			<key>sourceTree</key>
			<string>&lt;group&gt;</string>
		</dict>
		<key>27DA48D9183DBF1E00E42540</key>
		<dict>
			<key>fileRef</key>
			<string>27DA48D8183DBF1E00E42540</string>
			<key>isa</key>
			<string>PBXBuildFile</string>
		</dict>
		<key>27E01BEF1829A9C700DB1132</key>
		<dict>
			<key>isa</key>
			<string>PBXFileReference</string>
			<key>lastKnownFileType</key>
			<string>text.xml</string>
			<key>path</key>
			<string>AlarmClock.entitlements</string>
			<key>sourceTree</key>
			<string>&lt;group&gt;</string>
		</dict>
		<key>27E01BF01829AAC500DB1132</key>
		<dict>
			<key>fileEncoding</key>
			<string>4</string>
			<key>isa</key>
			<string>PBXFileReference</string>
			<key>lastKnownFileType</key>
			<string>sourcecode.c.h</string>
			<key>path</key>
			<string>MKiCloudSync.h</string>
			<key>sourceTree</key>
			<string>&lt;group&gt;</string>
		</dict>
		<key>27E01BF11829AAC500DB1132</key>
		<dict>
			<key>fileEncoding</key>
			<string>4</string>
			<key>isa</key>
			<string>PBXFileReference</string>
			<key>lastKnownFileType</key>
			<string>sourcecode.c.objc</string>
			<key>path</key>
			<string>MKiCloudSync.m</string>
			<key>sourceTree</key>
			<string>&lt;group&gt;</string>
		</dict>
		<key>27E01BF21829AAC500DB1132</key>
		<dict>
			<key>fileRef</key>
			<string>27E01BF11829AAC500DB1132</string>
			<key>isa</key>
			<string>PBXBuildFile</string>
		</dict>
		<key>27E01BF31829AACC00DB1132</key>
		<dict>
			<key>children</key>
			<array>
				<string>27E01BEF1829A9C700DB1132</string>
				<string>27E01BF01829AAC500DB1132</string>
				<string>27E01BF11829AAC500DB1132</string>
			</array>
			<key>isa</key>
			<string>PBXGroup</string>
			<key>name</key>
			<string>iCloud</string>
			<key>sourceTree</key>
			<string>&lt;group&gt;</string>
		</dict>
		<key>27EF34A318D3D2DE00B7D79C</key>
		<dict>
			<key>children</key>
			<array>
				<string>27EF34A518D3D3F300B7D79C</string>
				<string>27EF34A618D3D3F300B7D79C</string>
				<string>27EF34A818D3D4A200B7D79C</string>
				<string>27EF34A918D3D4A200B7D79C</string>
				<string>27EF34AB18D3D4DF00B7D79C</string>
				<string>27EF34AC18D3D4DF00B7D79C</string>
				<string>27EF34AE18D3D53300B7D79C</string>
				<string>27EF34AF18D3D53300B7D79C</string>
			</array>
			<key>isa</key>
			<string>PBXGroup</string>
			<key>name</key>
			<string>Alarm</string>
			<key>sourceTree</key>
			<string>&lt;group&gt;</string>
		</dict>
		<key>27EF34A418D3D2EA00B7D79C</key>
		<dict>
			<key>children</key>
			<array>
				<string>279709A718D419D000B03572</string>
				<string>279709A818D419D000B03572</string>
			</array>
			<key>isa</key>
			<string>PBXGroup</string>
			<key>name</key>
			<string>SettingsViewController</string>
			<key>sourceTree</key>
			<string>&lt;group&gt;</string>
		</dict>
		<key>27EF34A518D3D3F300B7D79C</key>
		<dict>
			<key>fileEncoding</key>
			<string>4</string>
			<key>isa</key>
			<string>PBXFileReference</string>
			<key>lastKnownFileType</key>
			<string>sourcecode.c.h</string>
			<key>path</key>
			<string>ACAlarmViewController.h</string>
			<key>sourceTree</key>
			<string>&lt;group&gt;</string>
		</dict>
		<key>27EF34A618D3D3F300B7D79C</key>
		<dict>
			<key>fileEncoding</key>
			<string>4</string>
			<key>isa</key>
			<string>PBXFileReference</string>
			<key>lastKnownFileType</key>
			<string>sourcecode.c.objc</string>
			<key>path</key>
			<string>ACAlarmViewController.m</string>
			<key>sourceTree</key>
			<string>&lt;group&gt;</string>
		</dict>
		<key>27EF34A718D3D3F300B7D79C</key>
		<dict>
			<key>fileRef</key>
			<string>27EF34A618D3D3F300B7D79C</string>
			<key>isa</key>
			<string>PBXBuildFile</string>
		</dict>
		<key>27EF34A818D3D4A200B7D79C</key>
		<dict>
			<key>fileEncoding</key>
			<string>4</string>
			<key>isa</key>
			<string>PBXFileReference</string>
			<key>lastKnownFileType</key>
			<string>sourcecode.c.h</string>
			<key>path</key>
			<string>ACAddEditAlarmViewController.h</string>
			<key>sourceTree</key>
			<string>&lt;group&gt;</string>
		</dict>
		<key>27EF34A918D3D4A200B7D79C</key>
		<dict>
			<key>fileEncoding</key>
			<string>4</string>
			<key>isa</key>
			<string>PBXFileReference</string>
			<key>lastKnownFileType</key>
			<string>sourcecode.c.objc</string>
			<key>path</key>
			<string>ACAddEditAlarmViewController.m</string>
			<key>sourceTree</key>
			<string>&lt;group&gt;</string>
		</dict>
		<key>27EF34AA18D3D4A200B7D79C</key>
		<dict>
			<key>fileRef</key>
			<string>27EF34A918D3D4A200B7D79C</string>
			<key>isa</key>
			<string>PBXBuildFile</string>
		</dict>
		<key>27EF34AB18D3D4DF00B7D79C</key>
		<dict>
			<key>fileEncoding</key>
			<string>4</string>
			<key>isa</key>
			<string>PBXFileReference</string>
			<key>lastKnownFileType</key>
			<string>sourcecode.c.h</string>
			<key>path</key>
			<string>ACAlarmLabelEditViewController.h</string>
			<key>sourceTree</key>
			<string>&lt;group&gt;</string>
		</dict>
		<key>27EF34AC18D3D4DF00B7D79C</key>
		<dict>
			<key>fileEncoding</key>
			<string>4</string>
			<key>isa</key>
			<string>PBXFileReference</string>
			<key>lastKnownFileType</key>
			<string>sourcecode.c.objc</string>
			<key>path</key>
			<string>ACAlarmLabelEditViewController.m</string>
			<key>sourceTree</key>
			<string>&lt;group&gt;</string>
		</dict>
		<key>27EF34AD18D3D4DF00B7D79C</key>
		<dict>
			<key>fileRef</key>
			<string>27EF34AC18D3D4DF00B7D79C</string>
			<key>isa</key>
			<string>PBXBuildFile</string>
		</dict>
		<key>27EF34AE18D3D53300B7D79C</key>
		<dict>
			<key>fileEncoding</key>
			<string>4</string>
			<key>isa</key>
			<string>PBXFileReference</string>
			<key>lastKnownFileType</key>
			<string>sourcecode.c.h</string>
			<key>path</key>
			<string>ACAlarmObject.h</string>
			<key>sourceTree</key>
			<string>&lt;group&gt;</string>
		</dict>
		<key>27EF34AF18D3D53300B7D79C</key>
		<dict>
			<key>fileEncoding</key>
			<string>4</string>
			<key>isa</key>
			<string>PBXFileReference</string>
			<key>lastKnownFileType</key>
			<string>sourcecode.c.objc</string>
			<key>path</key>
			<string>ACAlarmObject.m</string>
			<key>sourceTree</key>
			<string>&lt;group&gt;</string>
		</dict>
		<key>27EF34B018D3D53300B7D79C</key>
		<dict>
			<key>fileRef</key>
			<string>27EF34AF18D3D53300B7D79C</string>
			<key>isa</key>
			<string>PBXBuildFile</string>
		</dict>
		<key>92EC8F42B8554AC3BB35B2F3</key>
		<dict>
			<key>buildActionMask</key>
			<string>2147483647</string>
			<key>files</key>
			<array/>
			<key>inputPaths</key>
			<array/>
			<key>isa</key>
			<string>PBXShellScriptBuildPhase</string>
			<key>name</key>
			<string>Copy Pods Resources</string>
			<key>outputPaths</key>
			<array/>
			<key>runOnlyForDeploymentPostprocessing</key>
			<string>0</string>
			<key>shellPath</key>
			<string>/bin/sh</string>
			<key>shellScript</key>
			<string>"${SRCROOT}/Pods/Pods-resources.sh"
</string>
			<key>showEnvVarsInLog</key>
			<string>0</string>
		</dict>
		<key>9BF5BECAF8E149C1A7C66531</key>
		<dict>
			<key>includeInIndex</key>
			<string>1</string>
			<key>isa</key>
			<string>PBXFileReference</string>
			<key>lastKnownFileType</key>
			<string>text.xcconfig</string>
			<key>name</key>
			<string>Pods.xcconfig</string>
			<key>path</key>
			<string>Pods/Pods.xcconfig</string>
			<key>sourceTree</key>
			<string>&lt;group&gt;</string>
		</dict>
		<key>9C71414EA618468AA018A9AB</key>
		<dict>
			<key>explicitFileType</key>
			<string>archive.ar</string>
			<key>includeInIndex</key>
			<string>0</string>
			<key>isa</key>
			<string>PBXFileReference</string>
			<key>path</key>
			<string>libPods.a</string>
			<key>sourceTree</key>
			<string>BUILT_PRODUCTS_DIR</string>
		</dict>
		<key>AB6CC89BCE644DC0AACB5133</key>
		<dict>
			<key>fileRef</key>
			<string>9C71414EA618468AA018A9AB</string>
			<key>isa</key>
			<string>PBXBuildFile</string>
		</dict>
	</dict>
	<key>rootObject</key>
	<string>277AFEDA181EA5B80009AE0F</string>
</dict>
</plist>
